// !$*UTF8*$!
{
	archiveVersion = 1;
	classes = {
	};
	objectVersion = 50;
	objects = {

/* Begin PBXBuildFile section */
		F18CB58C265D35530018DE3A /* AppDelegate.swift in Sources */ = {isa = PBXBuildFile; fileRef = F18CB58B265D35530018DE3A /* AppDelegate.swift */; };
		F18CB58E265D35530018DE3A /* art.scnassets in Resources */ = {isa = PBXBuildFile; fileRef = F18CB58D265D35530018DE3A /* art.scnassets */; };
		F18CB590265D35530018DE3A /* ViewController.swift in Sources */ = {isa = PBXBuildFile; fileRef = F18CB58F265D35530018DE3A /* ViewController.swift */; };
		F18CB593265D35530018DE3A /* Main.storyboard in Resources */ = {isa = PBXBuildFile; fileRef = F18CB591265D35530018DE3A /* Main.storyboard */; };
		F18CB595265D35540018DE3A /* Assets.xcassets in Resources */ = {isa = PBXBuildFile; fileRef = F18CB594265D35540018DE3A /* Assets.xcassets */; };
		F18CB598265D35540018DE3A /* LaunchScreen.storyboard in Resources */ = {isa = PBXBuildFile; fileRef = F18CB596265D35540018DE3A /* LaunchScreen.storyboard */; };
		F18CB5A0265D57FC0018DE3A /* settingsController.swift in Sources */ = {isa = PBXBuildFile; fileRef = F18CB59F265D57FC0018DE3A /* settingsController.swift */; };
/* End PBXBuildFile section */

/* Begin PBXFileReference section */
		F18CB588265D35530018DE3A /* TestDrowing.app */ = {isa = PBXFileReference; explicitFileType = wrapper.application; includeInIndex = 0; path = TestDrowing.app; sourceTree = BUILT_PRODUCTS_DIR; };
		F18CB58B265D35530018DE3A /* AppDelegate.swift */ = {isa = PBXFileReference; lastKnownFileType = sourcecode.swift; path = AppDelegate.swift; sourceTree = "<group>"; };
		F18CB58D265D35530018DE3A /* art.scnassets */ = {isa = PBXFileReference; lastKnownFileType = wrapper.scnassets; path = art.scnassets; sourceTree = "<group>"; };
		F18CB58F265D35530018DE3A /* ViewController.swift */ = {isa = PBXFileReference; lastKnownFileType = sourcecode.swift; path = ViewController.swift; sourceTree = "<group>"; };
		F18CB592265D35530018DE3A /* Base */ = {isa = PBXFileReference; lastKnownFileType = file.storyboard; name = Base; path = Base.lproj/Main.storyboard; sourceTree = "<group>"; };
		F18CB594265D35540018DE3A /* Assets.xcassets */ = {isa = PBXFileReference; lastKnownFileType = folder.assetcatalog; path = Assets.xcassets; sourceTree = "<group>"; };
		F18CB597265D35540018DE3A /* Base */ = {isa = PBXFileReference; lastKnownFileType = file.storyboard; name = Base; path = Base.lproj/LaunchScreen.storyboard; sourceTree = "<group>"; };
		F18CB599265D35540018DE3A /* Info.plist */ = {isa = PBXFileReference; lastKnownFileType = text.plist.xml; path = Info.plist; sourceTree = "<group>"; };
		F18CB59F265D57FC0018DE3A /* settingsController.swift */ = {isa = PBXFileReference; lastKnownFileType = sourcecode.swift; path = settingsController.swift; sourceTree = "<group>"; };
/* End PBXFileReference section */

/* Begin PBXFrameworksBuildPhase section */
		F18CB585265D35530018DE3A /* Frameworks */ = {
			isa = PBXFrameworksBuildPhase;
			buildActionMask = 2147483647;
			files = (
			);
			runOnlyForDeploymentPostprocessing = 0;
		};
/* End PBXFrameworksBuildPhase section */

/* Begin PBXGroup section */
		F18CB57F265D35530018DE3A = {
			isa = PBXGroup;
			children = (
				F18CB58A265D35530018DE3A /* TestDrowing */,
				F18CB589265D35530018DE3A /* Products */,
			);
			sourceTree = "<group>";
		};
		F18CB589265D35530018DE3A /* Products */ = {
			isa = PBXGroup;
			children = (
				F18CB588265D35530018DE3A /* TestDrowing.app */,
			);
			name = Products;
			sourceTree = "<group>";
		};
		F18CB58A265D35530018DE3A /* TestDrowing */ = {
			isa = PBXGroup;
			children = (
				F18CB58B265D35530018DE3A /* AppDelegate.swift */,
				F18CB58D265D35530018DE3A /* art.scnassets */,
				F18CB58F265D35530018DE3A /* ViewController.swift */,
				F18CB591265D35530018DE3A /* Main.storyboard */,
				F18CB594265D35540018DE3A /* Assets.xcassets */,
				F18CB596265D35540018DE3A /* LaunchScreen.storyboard */,
				F18CB599265D35540018DE3A /* Info.plist */,
				F18CB59F265D57FC0018DE3A /* settingsController.swift */,
			);
			path = TestDrowing;
			sourceTree = "<group>";
		};
/* End PBXGroup section */

/* Begin PBXNativeTarget section */
		F18CB587265D35530018DE3A /* TestDrowing */ = {
			isa = PBXNativeTarget;
			buildConfigurationList = F18CB59C265D35540018DE3A /* Build configuration list for PBXNativeTarget "TestDrowing" */;
			buildPhases = (
				F18CB584265D35530018DE3A /* Sources */,
				F18CB585265D35530018DE3A /* Frameworks */,
				F18CB586265D35530018DE3A /* Resources */,
			);
			buildRules = (
			);
			dependencies = (
			);
			name = TestDrowing;
			productName = TestDrowing;
			productReference = F18CB588265D35530018DE3A /* TestDrowing.app */;
			productType = "com.apple.product-type.application";
		};
/* End PBXNativeTarget section */

/* Begin PBXProject section */
		F18CB580265D35530018DE3A /* Project object */ = {
			isa = PBXProject;
			attributes = {
				LastSwiftUpdateCheck = 1250;
				LastUpgradeCheck = 1250;
				TargetAttributes = {
					F18CB587265D35530018DE3A = {
						CreatedOnToolsVersion = 12.5;
					};
				};
			};
			buildConfigurationList = F18CB583265D35530018DE3A /* Build configuration list for PBXProject "TestDrowing" */;
			compatibilityVersion = "Xcode 9.3";
			developmentRegion = en;
			hasScannedForEncodings = 0;
			knownRegions = (
				en,
				Base,
			);
			mainGroup = F18CB57F265D35530018DE3A;
			productRefGroup = F18CB589265D35530018DE3A /* Products */;
			projectDirPath = "";
			projectRoot = "";
			targets = (
				F18CB587265D35530018DE3A /* TestDrowing */,
			);
		};
/* End PBXProject section */

/* Begin PBXResourcesBuildPhase section */
		F18CB586265D35530018DE3A /* Resources */ = {
			isa = PBXResourcesBuildPhase;
			buildActionMask = 2147483647;
			files = (
				F18CB58E265D35530018DE3A /* art.scnassets in Resources */,
				F18CB598265D35540018DE3A /* LaunchScreen.storyboard in Resources */,
				F18CB595265D35540018DE3A /* Assets.xcassets in Resources */,
				F18CB593265D35530018DE3A /* Main.storyboard in Resources */,
			);
			runOnlyForDeploymentPostprocessing = 0;
		};
/* End PBXResourcesBuildPhase section */

/* Begin PBXSourcesBuildPhase section */
		F18CB584265D35530018DE3A /* Sources */ = {
			isa = PBXSourcesBuildPhase;
			buildActionMask = 2147483647;
			files = (
				F18CB590265D35530018DE3A /* ViewController.swift in Sources */,
				F18CB58C265D35530018DE3A /* AppDelegate.swift in Sources */,
				F18CB5A0265D57FC0018DE3A /* settingsController.swift in Sources */,
			);
			runOnlyForDeploymentPostprocessing = 0;
		};
/* End PBXSourcesBuildPhase section */

/* Begin PBXVariantGroup section */
		F18CB591265D35530018DE3A /* Main.storyboard */ = {
			isa = PBXVariantGroup;
			children = (
				F18CB592265D35530018DE3A /* Base */,
			);
			name = Main.storyboard;
			sourceTree = "<group>";
		};
		F18CB596265D35540018DE3A /* LaunchScreen.storyboard */ = {
			isa = PBXVariantGroup;
			children = (
				F18CB597265D35540018DE3A /* Base */,
			);
			name = LaunchScreen.storyboard;
			sourceTree = "<group>";
		};
/* End PBXVariantGroup section */

/* Begin XCBuildConfiguration section */
		F18CB59A265D35540018DE3A /* Debug */ = {
			isa = XCBuildConfiguration;
			buildSettings = {
				ALWAYS_SEARCH_USER_PATHS = NO;
				CLANG_ANALYZER_NONNULL = YES;
				CLANG_ANALYZER_NUMBER_OBJECT_CONVERSION = YES_AGGRESSIVE;
				CLANG_CXX_LANGUAGE_STANDARD = "gnu++14";
				CLANG_CXX_LIBRARY = "libc++";
				CLANG_ENABLE_MODULES = YES;
				CLANG_ENABLE_OBJC_ARC = YES;
				CLANG_ENABLE_OBJC_WEAK = YES;
				CLANG_WARN_BLOCK_CAPTURE_AUTORELEASING = YES;
				CLANG_WARN_BOOL_CONVERSION = YES;
				CLANG_WARN_COMMA = YES;
				CLANG_WARN_CONSTANT_CONVERSION = YES;
				CLANG_WARN_DEPRECATED_OBJC_IMPLEMENTATIONS = YES;
				CLANG_WARN_DIRECT_OBJC_ISA_USAGE = YES_ERROR;
				CLANG_WARN_DOCUMENTATION_COMMENTS = YES;
				CLANG_WARN_EMPTY_BODY = YES;
				CLANG_WARN_ENUM_CONVERSION = YES;
				CLANG_WARN_INFINITE_RECURSION = YES;
				CLANG_WARN_INT_CONVERSION = YES;
				CLANG_WARN_NON_LITERAL_NULL_CONVERSION = YES;
				CLANG_WARN_OBJC_IMPLICIT_RETAIN_SELF = YES;
				CLANG_WARN_OBJC_LITERAL_CONVERSION = YES;
				CLANG_WARN_OBJC_ROOT_CLASS = YES_ERROR;
				CLANG_WARN_QUOTED_INCLUDE_IN_FRAMEWORK_HEADER = YES;
				CLANG_WARN_RANGE_LOOP_ANALYSIS = YES;
				CLANG_WARN_STRICT_PROTOTYPES = YES;
				CLANG_WARN_SUSPICIOUS_MOVE = YES;
				CLANG_WARN_UNGUARDED_AVAILABILITY = YES_AGGRESSIVE;
				CLANG_WARN_UNREACHABLE_CODE = YES;
				CLANG_WARN__DUPLICATE_METHOD_MATCH = YES;
				COPY_PHASE_STRIP = NO;
				DEBUG_INFORMATION_FORMAT = dwarf;
				ENABLE_STRICT_OBJC_MSGSEND = YES;
				ENABLE_TESTABILITY = YES;
				GCC_C_LANGUAGE_STANDARD = gnu11;
				GCC_DYNAMIC_NO_PIC = NO;
				GCC_NO_COMMON_BLOCKS = YES;
				GCC_OPTIMIZATION_LEVEL = 0;
				GCC_PREPROCESSOR_DEFINITIONS = (
					"DEBUG=1",
					"$(inherited)",
				);
				GCC_WARN_64_TO_32_BIT_CONVERSION = YES;
				GCC_WARN_ABOUT_RETURN_TYPE = YES_ERROR;
				GCC_WARN_UNDECLARED_SELECTOR = YES;
				GCC_WARN_UNINITIALIZED_AUTOS = YES_AGGRESSIVE;
				GCC_WARN_UNUSED_FUNCTION = YES;
				GCC_WARN_UNUSED_VARIABLE = YES;
				IPHONEOS_DEPLOYMENT_TARGET = 14.5;
				MTL_ENABLE_DEBUG_INFO = INCLUDE_SOURCE;
				MTL_FAST_MATH = YES;
				ONLY_ACTIVE_ARCH = YES;
				SDKROOT = iphoneos;
				SWIFT_ACTIVE_COMPILATION_CONDITIONS = DEBUG;
				SWIFT_OPTIMIZATION_LEVEL = "-Onone";
			};
			name = Debug;
		};
		F18CB59B265D35540018DE3A /* Release */ = {
			isa = XCBuildConfiguration;
			buildSettings = {
				ALWAYS_SEARCH_USER_PATHS = NO;
				CLANG_ANALYZER_NONNULL = YES;
				CLANG_ANALYZER_NUMBER_OBJECT_CONVERSION = YES_AGGRESSIVE;
				CLANG_CXX_LANGUAGE_STANDARD = "gnu++14";
				CLANG_CXX_LIBRARY = "libc++";
				CLANG_ENABLE_MODULES = YES;
				CLANG_ENABLE_OBJC_ARC = YES;
				CLANG_ENABLE_OBJC_WEAK = YES;
				CLANG_WARN_BLOCK_CAPTURE_AUTORELEASING = YES;
				CLANG_WARN_BOOL_CONVERSION = YES;
				CLANG_WARN_COMMA = YES;
				CLANG_WARN_CONSTANT_CONVERSION = YES;
				CLANG_WARN_DEPRECATED_OBJC_IMPLEMENTATIONS = YES;
				CLANG_WARN_DIRECT_OBJC_ISA_USAGE = YES_ERROR;
				CLANG_WARN_DOCUMENTATION_COMMENTS = YES;
				CLANG_WARN_EMPTY_BODY = YES;
				CLANG_WARN_ENUM_CONVERSION = YES;
				CLANG_WARN_INFINITE_RECURSION = YES;
				CLANG_WARN_INT_CONVERSION = YES;
				CLANG_WARN_NON_LITERAL_NULL_CONVERSION = YES;
				CLANG_WARN_OBJC_IMPLICIT_RETAIN_SELF = YES;
				CLANG_WARN_OBJC_LITERAL_CONVERSION = YES;
				CLANG_WARN_OBJC_ROOT_CLASS = YES_ERROR;
				CLANG_WARN_QUOTED_INCLUDE_IN_FRAMEWORK_HEADER = YES;
				CLANG_WARN_RANGE_LOOP_ANALYSIS = YES;
				CLANG_WARN_STRICT_PROTOTYPES = YES;
				CLANG_WARN_SUSPICIOUS_MOVE = YES;
				CLANG_WARN_UNGUARDED_AVAILABILITY = YES_AGGRESSIVE;
				CLANG_WARN_UNREACHABLE_CODE = YES;
				CLANG_WARN__DUPLICATE_METHOD_MATCH = YES;
				COPY_PHASE_STRIP = NO;
				DEBUG_INFORMATION_FORMAT = "dwarf-with-dsym";
				ENABLE_NS_ASSERTIONS = NO;
				ENABLE_STRICT_OBJC_MSGSEND = YES;
				GCC_C_LANGUAGE_STANDARD = gnu11;
				GCC_NO_COMMON_BLOCKS = YES;
				GCC_WARN_64_TO_32_BIT_CONVERSION = YES;
				GCC_WARN_ABOUT_RETURN_TYPE = YES_ERROR;
				GCC_WARN_UNDECLARED_SELECTOR = YES;
				GCC_WARN_UNINITIALIZED_AUTOS = YES_AGGRESSIVE;
				GCC_WARN_UNUSED_FUNCTION = YES;
				GCC_WARN_UNUSED_VARIABLE = YES;
				IPHONEOS_DEPLOYMENT_TARGET = 14.5;
				MTL_ENABLE_DEBUG_INFO = NO;
				MTL_FAST_MATH = YES;
				SDKROOT = iphoneos;
				SWIFT_COMPILATION_MODE = wholemodule;
				SWIFT_OPTIMIZATION_LEVEL = "-O";
				VALIDATE_PRODUCT = YES;
			};
			name = Release;
		};
		F18CB59D265D35540018DE3A /* Debug */ = {
			isa = XCBuildConfiguration;
			buildSettings = {
				ASSETCATALOG_COMPILER_APPICON_NAME = AppIcon;
				ASSETCATALOG_COMPILER_GLOBAL_ACCENT_COLOR_NAME = AccentColor;
				CODE_SIGN_STYLE = Automatic;
				DEVELOPMENT_TEAM = WFVJJ2HJH6;
				INFOPLIST_FILE = TestDrowing/Info.plist;
				LD_RUNPATH_SEARCH_PATHS = (
					"$(inherited)",
					"@executable_path/Frameworks",
				);
				PRODUCT_BUNDLE_IDENTIFIER = Golybd.TestDrowing;
				PRODUCT_NAME = "$(TARGET_NAME)";
				SWIFT_VERSION = 5.0;
				TARGETED_DEVICE_FAMILY = "1,2";
			};
			name = Debug;
		};
		F18CB59E265D35540018DE3A /* Release */ = {
			isa = XCBuildConfiguration;
			buildSettings = {
				ASSETCATALOG_COMPILER_APPICON_NAME = AppIcon;
				ASSETCATALOG_COMPILER_GLOBAL_ACCENT_COLOR_NAME = AccentColor;
				CODE_SIGN_STYLE = Automatic;
				DEVELOPMENT_TEAM = WFVJJ2HJH6;
				INFOPLIST_FILE = TestDrowing/Info.plist;
				LD_RUNPATH_SEARCH_PATHS = (
					"$(inherited)",
					"@executable_path/Frameworks",
				);
				PRODUCT_BUNDLE_IDENTIFIER = Golybd.TestDrowing;
				PRODUCT_NAME = "$(TARGET_NAME)";
				SWIFT_VERSION = 5.0;
				TARGETED_DEVICE_FAMILY = "1,2";
			};
			name = Release;
		};
/* End XCBuildConfiguration section */

/* Begin XCConfigurationList section */
		F18CB583265D35530018DE3A /* Build configuration list for PBXProject "TestDrowing" */ = {
			isa = XCConfigurationList;
			buildConfigurations = (
				F18CB59A265D35540018DE3A /* Debug */,
				F18CB59B265D35540018DE3A /* Release */,
			);
			defaultConfigurationIsVisible = 0;
			defaultConfigurationName = Release;
		};
		F18CB59C265D35540018DE3A /* Build configuration list for PBXNativeTarget "TestDrowing" */ = {
			isa = XCConfigurationList;
			buildConfigurations = (
				F18CB59D265D35540018DE3A /* Debug */,
				F18CB59E265D35540018DE3A /* Release */,
			);
			defaultConfigurationIsVisible = 0;
			defaultConfigurationName = Release;
		};
/* End XCConfigurationList section */
	};
	rootObject = F18CB580265D35530018DE3A /* Project object */;
}
